
Microsoft Visual Studio Solution File, Format Version 12.00
# Visual Studio 15
VisualStudioVersion = 15.0.27703.2035
MinimumVisualStudioVersion = 10.0.40219.1
Project("{FAE04EC0-301F-11D3-BF4B-00C04F79EFBC}") = "Customer", "Customer\Customer.csproj", "{C5AFA865-A535-40F6-A779-EE724D2ED4D5}"
EndProject
Global
	GlobalSection(SolutionConfigurationPlatforms) = preSolution
		Debug|Any CPU = Debug|Any CPU
		Release|Any CPU = Release|Any CPU
	EndGlobalSection
	GlobalSection(ProjectConfigurationPlatforms) = postSolution
		{C5AFA865-A535-40F6-A779-EE724D2ED4D5}.Debug|Any CPU.ActiveCfg = Debug|Any CPU
		{C5AFA865-A535-40F6-A779-EE724D2ED4D5}.Debug|Any CPU.Build.0 = Debug|Any CPU
		{C5AFA865-A535-40F6-A779-EE724D2ED4D5}.Release|Any CPU.ActiveCfg = Release|Any CPU
		{C5AFA865-A535-40F6-A779-EE724D2ED4D5}.Release|Any CPU.Build.0 = Release|Any CPU
	EndGlobalSection
	GlobalSection(SolutionProperties) = preSolution
		HideSolutionNode = FALSE
	EndGlobalSection
	GlobalSection(ExtensibilityGlobals) = postSolution
		SolutionGuid = {0E28D643-CF59-4248-9817-56D0AFF47EA0}
	EndGlobalSection
EndGlobal
